
Microsoft Visual Studio Solution File, Format Version 12.00
# Visual Studio Version 16
VisualStudioVersion = 16.0.30011.22
MinimumVisualStudioVersion = 10.0.40219.1
Project("{FAE04EC0-301F-11D3-BF4B-00C04F79EFBC}") = "CourseWork", "CourseWork\CourseWork.csproj", "{D08A30A3-DA48-453B-98AB-393129BA9FC3}"
EndProject
Global
	GlobalSection(SolutionConfigurationPlatforms) = preSolution
		Debug|Any CPU = Debug|Any CPU
		Release|Any CPU = Release|Any CPU
	EndGlobalSection
	GlobalSection(ProjectConfigurationPlatforms) = postSolution
		{D08A30A3-DA48-453B-98AB-393129BA9FC3}.Debug|Any CPU.ActiveCfg = Debug|Any CPU
		{D08A30A3-DA48-453B-98AB-393129BA9FC3}.Debug|Any CPU.Build.0 = Debug|Any CPU
		{D08A30A3-DA48-453B-98AB-393129BA9FC3}.Release|Any CPU.ActiveCfg = Release|Any CPU
		{D08A30A3-DA48-453B-98AB-393129BA9FC3}.Release|Any CPU.Build.0 = Release|Any CPU
	EndGlobalSection
	GlobalSection(SolutionProperties) = preSolution
		HideSolutionNode = FALSE
	EndGlobalSection
	GlobalSection(ExtensibilityGlobals) = postSolution
		SolutionGuid = {ACFD35DF-D7A0-4907-92A3-3F4741CC3C51}
	EndGlobalSection
EndGlobal
